
Microsoft Visual Studio Solution File, Format Version 12.00
# Visual Studio Version 17
VisualStudioVersion = 17.3.32901.215
MinimumVisualStudioVersion = 10.0.40219.1
Project("{8BC9CEB8-8B4A-11D0-8D11-00A0C91BC942}") = "data-structures-array-stack-queue", "data-structures-array-stack-queue.vcxproj", "{F567C65D-492B-49A5-830F-8E67BA7AB462}"
EndProject
Global
	GlobalSection(SolutionConfigurationPlatforms) = preSolution
		Debug|x64 = Debug|x64
		Debug|x86 = Debug|x86
		Release|x64 = Release|x64
		Release|x86 = Release|x86
	EndGlobalSection
	GlobalSection(ProjectConfigurationPlatforms) = postSolution
		{F567C65D-492B-49A5-830F-8E67BA7AB462}.Debug|x64.ActiveCfg = Debug|x64
		{F567C65D-492B-49A5-830F-8E67BA7AB462}.Debug|x64.Build.0 = Debug|x64
		{F567C65D-492B-49A5-830F-8E67BA7AB462}.Debug|x86.ActiveCfg = Debug|Win32
		{F567C65D-492B-49A5-830F-8E67BA7AB462}.Debug|x86.Build.0 = Debug|Win32
		{F567C65D-492B-49A5-830F-8E67BA7AB462}.Release|x64.ActiveCfg = Release|x64
		{F567C65D-492B-49A5-830F-8E67BA7AB462}.Release|x64.Build.0 = Release|x64
		{F567C65D-492B-49A5-830F-8E67BA7AB462}.Release|x86.ActiveCfg = Release|Win32
		{F567C65D-492B-49A5-830F-8E67BA7AB462}.Release|x86.Build.0 = Release|Win32
	EndGlobalSection
	GlobalSection(SolutionProperties) = preSolution
		HideSolutionNode = FALSE
	EndGlobalSection
	GlobalSection(ExtensibilityGlobals) = postSolution
		SolutionGuid = {D991A3DD-CDB8-457C-95DB-5C00E9E7CD30}
	EndGlobalSection
EndGlobal
